
Microsoft Visual Studio Solution File, Format Version 12.00
# Visual Studio Version 17
VisualStudioVersion = 17.9.34728.123
MinimumVisualStudioVersion = 10.0.40219.1
Project("{9A19103F-16F7-4668-BE54-9A1E7A4F7556}") = "wopro_file_scrubber", "wopro_file_scrubber\wopro_file_scrubber.csproj", "{6C5FC8D8-B377-4203-A52D-0BFAA52D6E43}"
EndProject
Project("{840C416C-B8F3-42BC-B0DD-F6BB14C9F8CB}") = "wopro_file_scrubber_setup", "wopro_file_scrubber_setup\wopro_file_scrubber_setup.aiproj", "{E6321E60-0786-4300-AFA2-9475440066A2}"
EndProject
Global
	GlobalSection(SolutionConfigurationPlatforms) = preSolution
		Debug|Any CPU = Debug|Any CPU
		DefaultBuild|Any CPU = DefaultBuild|Any CPU
		Release|Any CPU = Release|Any CPU
	EndGlobalSection
	GlobalSection(ProjectConfigurationPlatforms) = postSolution
		{6C5FC8D8-B377-4203-A52D-0BFAA52D6E43}.Debug|Any CPU.ActiveCfg = Debug|Any CPU
		{6C5FC8D8-B377-4203-A52D-0BFAA52D6E43}.Debug|Any CPU.Build.0 = Debug|Any CPU
		{6C5FC8D8-B377-4203-A52D-0BFAA52D6E43}.DefaultBuild|Any CPU.ActiveCfg = Debug|Any CPU
		{6C5FC8D8-B377-4203-A52D-0BFAA52D6E43}.DefaultBuild|Any CPU.Build.0 = Debug|Any CPU
		{6C5FC8D8-B377-4203-A52D-0BFAA52D6E43}.Release|Any CPU.ActiveCfg = Release|Any CPU
		{6C5FC8D8-B377-4203-A52D-0BFAA52D6E43}.Release|Any CPU.Build.0 = Release|Any CPU
		{E6321E60-0786-4300-AFA2-9475440066A2}.Debug|Any CPU.ActiveCfg = DefaultBuild
		{E6321E60-0786-4300-AFA2-9475440066A2}.Debug|Any CPU.Build.0 = DefaultBuild
		{E6321E60-0786-4300-AFA2-9475440066A2}.DefaultBuild|Any CPU.ActiveCfg = DefaultBuild
		{E6321E60-0786-4300-AFA2-9475440066A2}.DefaultBuild|Any CPU.Build.0 = DefaultBuild
		{E6321E60-0786-4300-AFA2-9475440066A2}.Release|Any CPU.ActiveCfg = DefaultBuild
		{E6321E60-0786-4300-AFA2-9475440066A2}.Release|Any CPU.Build.0 = DefaultBuild
	EndGlobalSection
	GlobalSection(SolutionProperties) = preSolution
		HideSolutionNode = FALSE
	EndGlobalSection
	GlobalSection(ExtensibilityGlobals) = postSolution
		SolutionGuid = {EF72734C-E12B-401A-94FD-61825D951818}
	EndGlobalSection
EndGlobal
